
Microsoft Visual Studio Solution File, Format Version 12.00
# Visual Studio Version 16
VisualStudioVersion = 16.0.31205.134
MinimumVisualStudioVersion = 10.0.40219.1
Project("{FAE04EC0-301F-11D3-BF4B-00C04F79EFBC}") = "Productos", "Productos\Productos.csproj", "{F5E50303-B7F8-4EBC-9760-33DC518371B0}"
EndProject
Global
	GlobalSection(SolutionConfigurationPlatforms) = preSolution
		Debug|Any CPU = Debug|Any CPU
		Release|Any CPU = Release|Any CPU
	EndGlobalSection
	GlobalSection(ProjectConfigurationPlatforms) = postSolution
		{F5E50303-B7F8-4EBC-9760-33DC518371B0}.Debug|Any CPU.ActiveCfg = Debug|Any CPU
		{F5E50303-B7F8-4EBC-9760-33DC518371B0}.Debug|Any CPU.Build.0 = Debug|Any CPU
		{F5E50303-B7F8-4EBC-9760-33DC518371B0}.Release|Any CPU.ActiveCfg = Release|Any CPU
		{F5E50303-B7F8-4EBC-9760-33DC518371B0}.Release|Any CPU.Build.0 = Release|Any CPU
	EndGlobalSection
	GlobalSection(SolutionProperties) = preSolution
		HideSolutionNode = FALSE
	EndGlobalSection
	GlobalSection(ExtensibilityGlobals) = postSolution
		SolutionGuid = {F13EE5FE-6AF7-46B4-A981-5A2987CAE6B1}
	EndGlobalSection
EndGlobal
